version = 1
revision = 3
requires-python = ">=3.8"
resolution-markers = [
    "python_full_version >= '3.9'",
    "python_full_version < '3.9'",
]

[[package]]
name = "capstone"
version = "5.0.6"
source = { registry = "https://pypi.org/simple" }
dependencies = [
    { name = "importlib-resources", marker = "python_full_version < '3.9'" },
]
sdist = { url = "https://files.pythonhosted.org/packages/d5/b0/1f126035a4cbc6f488b97e4bd57a46a28b6ba29ca8b938cbda840601a18a/capstone-5.0.6.tar.gz", hash = "sha256:b11a87d67751b006b9b44428d59c99512e6d6c89cf7dff8cdd92d9065628b5a0", size = 2945704, upload-time = "2025-03-23T16:03:40.795Z" }
wheels = [
    { url = "https://files.pythonhosted.org/packages/cd/9a/d9c11e090fa03dfc61a03a57ba44c6a07370f4ac5814f2a5804bfd40ee8b/capstone-5.0.6-py3-none-macosx_10_9_universal2.whl", hash = "sha256:0bca16e1c3ca1b928df6103b3889dcb6df7b05392d75a0b7af3508798148b899", size = 2177082, upload-time = "2025-03-23T16:03:27.815Z" },
    { url = "https://files.pythonhosted.org/packages/66/28/72a0be2325e6ee459f27cdcd835d3eee6fed5136321b5f7be41b41dc8656/capstone-5.0.6-py3-none-macosx_10_9_x86_64.whl", hash = "sha256:539191906a34ad1c573ec12b787b2caf154ea41175db6ded9def00aea8151099", size = 1180215, upload-time = "2025-03-23T16:03:29.409Z" },
    { url = "https://files.pythonhosted.org/packages/54/93/7b8fb02661d47a2822d5b640df804ef310417144af02e6db3446f174c4b5/capstone-5.0.6-py3-none-macosx_11_0_arm64.whl", hash = "sha256:e0b87b283905e4fc43635ca04cf26f4a5d9e8375852e5464d38938f3a28c207a", size = 1192757, upload-time = "2025-03-23T16:03:30.966Z" },
    { url = "https://files.pythonhosted.org/packages/ba/a2/d1bdb7260ade8165182979ea16098ef3a37c01316140511a611e549dbfe3/capstone-5.0.6-py3-none-manylinux_2_17_aarch64.manylinux2014_aarch64.whl", hash = "sha256:fa7892f0c89455078c18f07d2d309fb07baa53061b8f9a63db1ea00d41a46726", size = 1458413, upload-time = "2025-03-23T16:03:32.04Z" },
    { url = "https://files.pythonhosted.org/packages/78/7f/ec0687bbe8f6b128f1d41d90ec7cedfd1aaaa4ecb1ae8d334acc7dad8013/capstone-5.0.6-py3-none-manylinux_2_17_x86_64.manylinux2014_x86_64.whl", hash = "sha256:0358855773100bb91ae6681fabce7299df83156945ba943f6211061a592c54a6", size = 1481605, upload-time = "2025-03-23T16:03:33.526Z" },
    { url = "https://files.pythonhosted.org/packages/fc/1d/77bb0f79e1dacdfdcc0679c747d9ca24cc621095e09bdb665e7dd0c580ae/capstone-5.0.6-py3-none-manylinux_2_5_i686.manylinux1_i686.manylinux_2_17_i686.manylinux2014_i686.whl", hash = "sha256:667d6466dab1522fa5e9659be5cf1aca83e4fc3da7d15d0e5e6047f71fb46c4a", size = 1480730, upload-time = "2025-03-23T16:03:34.601Z" },
    { url = "https://files.pythonhosted.org/packages/72/63/07437972f68d0b2ba13e1705a6994404c9c961afbadc342c5b6fcf1de652/capstone-5.0.6-py3-none-musllinux_1_2_aarch64.whl", hash = "sha256:45c0e25500dd8d283d3b70f2e10cebfec93ab8bdaf6af9a763a0a999b4705891", size = 1457992, upload-time = "2025-03-23T16:03:35.75Z" },
    { url = "https://files.pythonhosted.org/packages/0c/53/f371e86493a2ae659b5a493c3cc23122974e83a1f53d3a5638d7bb7ac371/capstone-5.0.6-py3-none-musllinux_1_2_i686.whl", hash = "sha256:22f1f2f118f8fa1d1c5c90bca90e75864d55e16349b3c03aaea0e86b4a45d2a9", size = 1484184, upload-time = "2025-03-23T16:03:37.05Z" },
    { url = "https://files.pythonhosted.org/packages/df/c3/8b842ae32949c3570581164619c2f69001c6d8da566dc2e490372032b0d6/capstone-5.0.6-py3-none-musllinux_1_2_x86_64.whl", hash = "sha256:bc23cf634f51d0e53bdd04ea53ccfff7fc9060dfe58dff1e1b260ce40e5538ff", size = 1485357, upload-time = "2025-03-23T16:03:38.133Z" },
    { url = "https://files.pythonhosted.org/packages/da/72/ff7894c2fb5716d9a3ce9c27ba34b29d991a11d8442d2ef0fcdc5564ba7e/capstone-5.0.6-py3-none-win_amd64.whl", hash = "sha256:761c3deae00b22ac697081cdae1383bb90659dd0d79387a09cf5bdbb22b17064", size = 1271345, upload-time = "2025-03-23T16:03:39.649Z" },
]

[[package]]
name = "colorama"
version = "0.4.6"
source = { registry = "https://pypi.org/simple" }
sdist = { url = "https://files.pythonhosted.org/packages/d8/53/6f443c9a4a8358a93a6792e2acffb9d9d5cb0a5cfd8802644b7b1c9a02e4/colorama-0.4.6.tar.gz", hash = "sha256:08695f5cb7ed6e0531a20572697297273c47b8cae5a63ffc6d6ed5c201be6e44", size = 27697, upload-time = "2022-10-25T02:36:22.414Z" }
wheels = [
    { url = "https://files.pythonhosted.org/packages/d1/d6/3965ed04c63042e047cb6a3e6ed1a63a35087b6a609aa3a15ed8ac56c221/colorama-0.4.6-py2.py3-none-any.whl", hash = "sha256:4f1d9991f5acc0ca119f9d443620b77f9d6b33703e51011c16baf57afb285fc6", size = 25335, upload-time = "2022-10-25T02:36:20.889Z" },
]

[[package]]
name = "importlib-resources"
version = "6.4.5"
source = { registry = "https://pypi.org/simple" }
dependencies = [
    { name = "zipp", marker = "python_full_version < '3.9'" },
]
sdist = { url = "https://files.pythonhosted.org/packages/98/be/f3e8c6081b684f176b761e6a2fef02a0be939740ed6f54109a2951d806f3/importlib_resources-6.4.5.tar.gz", hash = "sha256:980862a1d16c9e147a59603677fa2aa5fd82b87f223b6cb870695bcfce830065", size = 43372, upload-time = "2024-09-09T17:03:14.677Z" }
wheels = [
    { url = "https://files.pythonhosted.org/packages/e1/6a/4604f9ae2fa62ef47b9de2fa5ad599589d28c9fd1d335f32759813dfa91e/importlib_resources-6.4.5-py3-none-any.whl", hash = "sha256:ac29d5f956f01d5e4bb63102a5a19957f1b9175e45649977264a1416783bb717", size = 36115, upload-time = "2024-09-09T17:03:13.39Z" },
]

[[package]]
name = "keystone-engine"
version = "0.9.2"
source = { registry = "https://pypi.org/simple" }
sdist = { url = "https://files.pythonhosted.org/packages/0a/65/3a2e7e55cc1db188869bbbacee60036828330e0ce57fc5f05a3167ab4b4d/keystone-engine-0.9.2.tar.gz", hash = "sha256:2f7af62dab0ce6c2732dbb4f31cfa2184a8a149e280b96b92ebc0db84c6e50f5", size = 2813059, upload-time = "2020-06-21T14:13:59.951Z" }
wheels = [
    { url = "https://files.pythonhosted.org/packages/1c/ad/a609493a534049cae43660689b2c5908117746e238f12dc76619d68a223a/keystone_engine-0.9.2-py2.py3-none-macosx_10_14_x86_64.whl", hash = "sha256:dafcc3d9450c239cbc54148855b79c4b387777099c6d054005c835768cf955f2", size = 2950758, upload-time = "2020-06-21T14:13:53.225Z" },
    { url = "https://files.pythonhosted.org/packages/0b/cf/b8eb6956565e91a9a003b1c612765cfe007a1d0b1c6e667dc569ea519f51/keystone_engine-0.9.2-py2.py3-none-manylinux1_i686.whl", hash = "sha256:9e04dea5a2b50509b7b707abdb395de42772c40faa36131ea94482fba8dd5d9f", size = 1785427, upload-time = "2020-06-21T14:13:54.624Z" },
    { url = "https://files.pythonhosted.org/packages/01/5c/40ffbec589262f49ff7c463d96ff0bfab0fbd98d9d869c370a70853a13fb/keystone_engine-0.9.2-py2.py3-none-manylinux1_x86_64.whl", hash = "sha256:5a5316a34323620b1bba31dcfe9e4b4ca6f0c030e82fc7a151da7c8fbe81a379", size = 1766182, upload-time = "2020-06-21T14:13:55.817Z" },
    { url = "https://files.pythonhosted.org/packages/88/b9/a9d8b6837346b86bcdda56e5c3fe4ac51f98f4ed40bf71fb6bd8605516da/keystone_engine-0.9.2-py2.py3-none-win32.whl", hash = "sha256:9f81e480904a405ef008f1d9f0e4a05e37d2bd83c5218a27136e1a294b02c1f6", size = 1318239, upload-time = "2020-06-21T14:13:57.122Z" },
    { url = "https://files.pythonhosted.org/packages/a4/8d/58471cb026de45397b29ba4b37ae3e20b434fae14c4b92fd3e9771a7bac8/keystone_engine-0.9.2-py2.py3-none-win_amd64.whl", hash = "sha256:c91db1ff16d9d094e00d1827107d1b4afd5e63ce19b491a0140e660635000e8b", size = 1370823, upload-time = "2020-06-21T14:13:58.476Z" },
]

[[package]]
name = "taintinduce"
version = "0.1.2"
source = { editable = "." }
dependencies = [
    { name = "capstone" },
    { name = "keystone-engine" },
    { name = "tqdm" },
    { name = "unicorn" },
]

[package.dev-dependencies]
dev = [
    { name = "types-setuptools", version = "75.8.0.20250110", source = { registry = "https://pypi.org/simple" }, marker = "python_full_version < '3.9'" },
    { name = "types-setuptools", version = "80.9.0.20251223", source = { registry = "https://pypi.org/simple" }, marker = "python_full_version >= '3.9'" },
]

[package.metadata]
requires-dist = [
    { name = "capstone", specifier = ">=5.0.0" },
    { name = "keystone-engine", specifier = ">=0.9.2" },
    { name = "tqdm", specifier = ">=4.0.0" },
    { name = "unicorn", specifier = ">=2.0.0" },
]

[package.metadata.requires-dev]
dev = [{ name = "types-setuptools", specifier = ">=75.8.0.20250110" }]

[[package]]
name = "tqdm"
version = "4.67.1"
source = { registry = "https://pypi.org/simple" }
dependencies = [
    { name = "colorama", marker = "sys_platform == 'win32'" },
]
sdist = { url = "https://files.pythonhosted.org/packages/a8/4b/29b4ef32e036bb34e4ab51796dd745cdba7ed47ad142a9f4a1eb8e0c744d/tqdm-4.67.1.tar.gz", hash = "sha256:f8aef9c52c08c13a65f30ea34f4e5aac3fd1a34959879d7e59e63027286627f2", size = 169737, upload-time = "2024-11-24T20:12:22.481Z" }
wheels = [
    { url = "https://files.pythonhosted.org/packages/d0/30/dc54f88dd4a2b5dc8a0279bdd7270e735851848b762aeb1c1184ed1f6b14/tqdm-4.67.1-py3-none-any.whl", hash = "sha256:26445eca388f82e72884e0d580d5464cd801a3ea01e63e5601bdff9ba6a48de2", size = 78540, upload-time = "2024-11-24T20:12:19.698Z" },
]

[[package]]
name = "types-setuptools"
version = "75.8.0.20250110"
source = { registry = "https://pypi.org/simple" }
resolution-markers = [
    "python_full_version < '3.9'",
]
sdist = { url = "https://files.pythonhosted.org/packages/f7/42/5713e90d4f9683f2301d900f33e4fc2405ad8ac224dda30f6cb7f4cd215b/types_setuptools-75.8.0.20250110.tar.gz", hash = "sha256:96f7ec8bbd6e0a54ea180d66ad68ad7a1d7954e7281a710ea2de75e355545271", size = 48185, upload-time = "2025-01-10T02:45:52.085Z" }
wheels = [
    { url = "https://files.pythonhosted.org/packages/cf/a3/dbfd106751b11c728cec21cc62cbfe7ff7391b935c4b6e8f0bdc2e6fd541/types_setuptools-75.8.0.20250110-py3-none-any.whl", hash = "sha256:a9f12980bbf9bcdc23ecd80755789085bad6bfce4060c2275bc2b4ca9f2bc480", size = 71521, upload-time = "2025-01-10T02:45:49.873Z" },
]

[[package]]
name = "types-setuptools"
version = "80.9.0.20251223"
source = { registry = "https://pypi.org/simple" }
resolution-markers = [
    "python_full_version >= '3.9'",
]
sdist = { url = "https://files.pythonhosted.org/packages/00/07/d1b605230730990de20477150191d6dccf6aecc037da94c9960a5d563bc8/types_setuptools-80.9.0.20251223.tar.gz", hash = "sha256:d3411059ae2f5f03985217d86ac6084efea2c9e9cacd5f0869ef950f308169b2", size = 42420, upload-time = "2025-12-23T03:18:26.752Z" }
wheels = [
    { url = "https://files.pythonhosted.org/packages/78/5c/b8877da94012dbc6643e4eeca22bca9b99b295be05d161f8a403ae9387c0/types_setuptools-80.9.0.20251223-py3-none-any.whl", hash = "sha256:1b36db79d724c2287d83dc052cf887b47c0da6a2fff044378be0b019545f56e6", size = 64318, upload-time = "2025-12-23T03:18:25.868Z" },
]

[[package]]
name = "unicorn"
version = "2.1.4"
source = { registry = "https://pypi.org/simple" }
dependencies = [
    { name = "importlib-resources", marker = "python_full_version < '3.9'" },
]
sdist = { url = "https://files.pythonhosted.org/packages/b2/1b/b4248aa8422e86de690cf8e85cf8feae4c33405a097d1ebe71570bdaa6f5/unicorn-2.1.4.tar.gz", hash = "sha256:00567a70e323f749b419cd86bee4f9115beab7ebba32194581c090cbb7c59cff", size = 2900334, upload-time = "2025-09-09T17:10:48.026Z" }
wheels = [
    { url = "https://files.pythonhosted.org/packages/c8/a7/92b47771e2107a201632a199cec91e8a81ee8a071ca6b7e7d600d8c61ac9/unicorn-2.1.4-cp37-abi3-macosx_10_9_x86_64.whl", hash = "sha256:2a6f738fab5fabffa56af1e7bbf16ea1e91466c342f8dc64f125bd70f36c6b80", size = 12958220, upload-time = "2025-09-09T17:10:04.86Z" },
    { url = "https://files.pythonhosted.org/packages/6c/ae/4943c6f8524d729ec7d5e69df6407ea05d710fe77471d91cecf3fc64eb57/unicorn-2.1.4-cp37-abi3-macosx_11_0_arm64.whl", hash = "sha256:d6c93e0f60328d8f4a1792af3f834137a28050fcc2305f2ec01efe8558a9844e", size = 12142730, upload-time = "2025-09-09T17:10:07.48Z" },
    { url = "https://files.pythonhosted.org/packages/33/9f/32d41eb942221bcf4417cdc65537fc8b3bbbd6079d6c161e621f1dd4e94a/unicorn-2.1.4-cp37-abi3-manylinux_2_17_aarch64.manylinux2014_aarch64.whl", hash = "sha256:bd1fb0c9af5f57e356d8a96928b4fe045b2e18f308ef23b481d5f970008aa722", size = 15372569, upload-time = "2025-09-09T17:10:09.765Z" },
    { url = "https://files.pythonhosted.org/packages/5f/7f/83161916dedff22ddb187bd2751150a1bc53c88b7c1a8d6fa1cc9e144c64/unicorn-2.1.4-cp37-abi3-manylinux_2_17_i686.manylinux2014_i686.whl", hash = "sha256:8f4e63b76ac4faa7cd32a4c436e96eabc24b91d52e73bde7699ec886bddf9277", size = 19842875, upload-time = "2025-09-09T17:10:11.795Z" },
    { url = "https://files.pythonhosted.org/packages/e7/df/ded5e3684c2d7600b30cc8a7530277b8cb36644a1a9d34cade7ebb45604c/unicorn-2.1.4-cp37-abi3-manylinux_2_17_x86_64.manylinux2014_x86_64.whl", hash = "sha256:9d6e6dea140560de4ebd8446661f7ef84a357d428c14a3ef09dacd306ec8c239", size = 16436886, upload-time = "2025-09-09T17:10:14.079Z" },
    { url = "https://files.pythonhosted.org/packages/70/38/ba5a051c844026e59ab6e0017db8cec77dbe20ab5f1d6edae1ce9d885b06/unicorn-2.1.4-cp37-abi3-musllinux_1_2_aarch64.whl", hash = "sha256:01d744ba01c5cc68f1d7afe3d183f1868720fd440ec4eaedc4d1d5d9bf54b84c", size = 16089431, upload-time = "2025-09-09T17:10:16.557Z" },
    { url = "https://files.pythonhosted.org/packages/35/07/0b2fb9d2a462066aa24b7d18b463300df79cc4eaa471379f8af7d216261c/unicorn-2.1.4-cp37-abi3-musllinux_1_2_i686.whl", hash = "sha256:ce5c3bfd05f2a5749a0d8a960e1dfc26519a2d09377dc01cfa1378b936a953f8", size = 20531342, upload-time = "2025-09-09T17:10:19.008Z" },
    { url = "https://files.pythonhosted.org/packages/ed/4b/4628ccb20eb3ad1af400de8181d1f4e5c1a3fc2affa1b3410c1b2d71af36/unicorn-2.1.4-cp37-abi3-musllinux_1_2_x86_64.whl", hash = "sha256:d348a90ee90219d141cb115ef8ed7e3fd1af42afaee105f7580761d775b25e32", size = 16925029, upload-time = "2025-09-09T17:10:21.089Z" },
    { url = "https://files.pythonhosted.org/packages/08/23/6ae96f8efa8ede707cc67d18d76a08de498bd818483cf8211baf855eabb2/unicorn-2.1.4-cp37-abi3-win32.whl", hash = "sha256:9be89e69be5e2631299f39a7fb8e47b8d3bfaa70ae746e9c4c5f9476a2df9778", size = 11798091, upload-time = "2025-09-09T17:10:23.477Z" },
    { url = "https://files.pythonhosted.org/packages/70/3d/de7be9bd1addabe6d8a1369381f8a080400c349850e978689c5e18287957/unicorn-2.1.4-cp37-abi3-win_amd64.whl", hash = "sha256:d7107500c64ce5c168fbff6bef9485b5db1350050036f4cea568650cf8bdbdf5", size = 15943079, upload-time = "2025-09-09T17:10:25.265Z" },
]

[[package]]
name = "zipp"
version = "3.20.2"
source = { registry = "https://pypi.org/simple" }
sdist = { url = "https://files.pythonhosted.org/packages/54/bf/5c0000c44ebc80123ecbdddba1f5dcd94a5ada602a9c225d84b5aaa55e86/zipp-3.20.2.tar.gz", hash = "sha256:bc9eb26f4506fda01b81bcde0ca78103b6e62f991b381fec825435c836edbc29", size = 24199, upload-time = "2024-09-13T13:44:16.101Z" }
wheels = [
    { url = "https://files.pythonhosted.org/packages/62/8b/5ba542fa83c90e09eac972fc9baca7a88e7e7ca4b221a89251954019308b/zipp-3.20.2-py3-none-any.whl", hash = "sha256:a817ac80d6cf4b23bf7f2828b7cabf326f15a001bea8b1f9b49631780ba28350", size = 9200, upload-time = "2024-09-13T13:44:14.38Z" },
]
